// !$*UTF8*$!
{
	archiveVersion = 1;
	classes = {
	};
	objectVersion = 46;
	objects = {

/* Begin PBXBuildFile section */
		182DDAF01C97B600003835C7 /* main.m in Sources */ = {isa = PBXBuildFile; fileRef = 182DDAEF1C97B600003835C7 /* main.m */; };
		182DDAF31C97B600003835C7 /* AppDelegate.m in Sources */ = {isa = PBXBuildFile; fileRef = 182DDAF21C97B600003835C7 /* AppDelegate.m */; };
		182DDAF61C97B600003835C7 /* ViewController.m in Sources */ = {isa = PBXBuildFile; fileRef = 182DDAF51C97B600003835C7 /* ViewController.m */; };
		182DDAF91C97B600003835C7 /* Main.storyboard in Resources */ = {isa = PBXBuildFile; fileRef = 182DDAF71C97B600003835C7 /* Main.storyboard */; };
		182DDAFB1C97B600003835C7 /* Assets.xcassets in Resources */ = {isa = PBXBuildFile; fileRef = 182DDAFA1C97B600003835C7 /* Assets.xcassets */; };
		182DDAFE1C97B600003835C7 /* LaunchScreen.storyboard in Resources */ = {isa = PBXBuildFile; fileRef = 182DDAFC1C97B600003835C7 /* LaunchScreen.storyboard */; };
		182DDB0D1C980BD7003835C7 /* NSMutableURLRequest+Multipart.m in Sources */ = {isa = PBXBuildFile; fileRef = 182DDB0B1C980BD7003835C7 /* NSMutableURLRequest+Multipart.m */; };
		182DDB0E1C980BD7003835C7 /* test.png in Resources */ = {isa = PBXBuildFile; fileRef = 182DDB0C1C980BD7003835C7 /* test.png */; };
/* End PBXBuildFile section */

/* Begin PBXFileReference section */
		182DDAEB1C97B5FF003835C7 /* NetOperation.app */ = {isa = PBXFileReference; explicitFileType = wrapper.application; includeInIndex = 0; path = NetOperation.app; sourceTree = BUILT_PRODUCTS_DIR; };
		182DDAEF1C97B600003835C7 /* main.m */ = {isa = PBXFileReference; lastKnownFileType = sourcecode.c.objc; path = main.m; sourceTree = "<group>"; };
		182DDAF11C97B600003835C7 /* AppDelegate.h */ = {isa = PBXFileReference; lastKnownFileType = sourcecode.c.h; path = AppDelegate.h; sourceTree = "<group>"; };
		182DDAF21C97B600003835C7 /* AppDelegate.m */ = {isa = PBXFileReference; lastKnownFileType = sourcecode.c.objc; path = AppDelegate.m; sourceTree = "<group>"; };
		182DDAF41C97B600003835C7 /* ViewController.h */ = {isa = PBXFileReference; lastKnownFileType = sourcecode.c.h; path = ViewController.h; sourceTree = "<group>"; };
		182DDAF51C97B600003835C7 /* ViewController.m */ = {isa = PBXFileReference; lastKnownFileType = sourcecode.c.objc; path = ViewController.m; sourceTree = "<group>"; };
		182DDAF81C97B600003835C7 /* Base */ = {isa = PBXFileReference; lastKnownFileType = file.storyboard; name = Base; path = Base.lproj/Main.storyboard; sourceTree = "<group>"; };
		182DDAFA1C97B600003835C7 /* Assets.xcassets */ = {isa = PBXFileReference; lastKnownFileType = folder.assetcatalog; path = Assets.xcassets; sourceTree = "<group>"; };
		182DDAFD1C97B600003835C7 /* Base */ = {isa = PBXFileReference; lastKnownFileType = file.storyboard; name = Base; path = Base.lproj/LaunchScreen.storyboard; sourceTree = "<group>"; };
		182DDAFF1C97B600003835C7 /* Info.plist */ = {isa = PBXFileReference; lastKnownFileType = text.plist.xml; path = Info.plist; sourceTree = "<group>"; };
		182DDB0A1C980BD7003835C7 /* NSMutableURLRequest+Multipart.h */ = {isa = PBXFileReference; fileEncoding = 4; lastKnownFileType = sourcecode.c.h; path = "NSMutableURLRequest+Multipart.h"; sourceTree = "<group>"; };
		182DDB0B1C980BD7003835C7 /* NSMutableURLRequest+Multipart.m */ = {isa = PBXFileReference; fileEncoding = 4; lastKnownFileType = sourcecode.c.objc; path = "NSMutableURLRequest+Multipart.m"; sourceTree = "<group>"; };
		182DDB0C1C980BD7003835C7 /* test.png */ = {isa = PBXFileReference; lastKnownFileType = image.png; path = test.png; sourceTree = "<group>"; };
/* End PBXFileReference section */

/* Begin PBXFrameworksBuildPhase section */
		182DDAE81C97B5FF003835C7 /* Frameworks */ = {
			isa = PBXFrameworksBuildPhase;
			buildActionMask = 2147483647;
			files = (
			);
			runOnlyForDeploymentPostprocessing = 0;
		};
/* End PBXFrameworksBuildPhase section */

/* Begin PBXGroup section */
		182DDAE21C97B5FF003835C7 = {
			isa = PBXGroup;
			children = (
				182DDAED1C97B5FF003835C7 /* NetOperation */,
				182DDAEC1C97B5FF003835C7 /* Products */,
			);
			sourceTree = "<group>";
		};
		182DDAEC1C97B5FF003835C7 /* Products */ = {
			isa = PBXGroup;
			children = (
				182DDAEB1C97B5FF003835C7 /* NetOperation.app */,
			);
			name = Products;
			sourceTree = "<group>";
		};
		182DDAED1C97B5FF003835C7 /* NetOperation */ = {
			isa = PBXGroup;
			children = (
				182DDB0A1C980BD7003835C7 /* NSMutableURLRequest+Multipart.h */,
				182DDB0B1C980BD7003835C7 /* NSMutableURLRequest+Multipart.m */,
				182DDB0C1C980BD7003835C7 /* test.png */,
				182DDAF11C97B600003835C7 /* AppDelegate.h */,
				182DDAF21C97B600003835C7 /* AppDelegate.m */,
				182DDAF41C97B600003835C7 /* ViewController.h */,
				182DDAF51C97B600003835C7 /* ViewController.m */,
				182DDAF71C97B600003835C7 /* Main.storyboard */,
				182DDAFA1C97B600003835C7 /* Assets.xcassets */,
				182DDAFC1C97B600003835C7 /* LaunchScreen.storyboard */,
				182DDAFF1C97B600003835C7 /* Info.plist */,
				182DDAEE1C97B5FF003835C7 /* Supporting Files */,
			);
			path = NetOperation;
			sourceTree = "<group>";
		};
		182DDAEE1C97B5FF003835C7 /* Supporting Files */ = {
			isa = PBXGroup;
			children = (
				182DDAEF1C97B600003835C7 /* main.m */,
			);
			name = "Supporting Files";
			sourceTree = "<group>";
		};
/* End PBXGroup section */

/* Begin PBXNativeTarget section */
		182DDAEA1C97B5FF003835C7 /* NetOperation */ = {
			isa = PBXNativeTarget;
			buildConfigurationList = 182DDB021C97B600003835C7 /* Build configuration list for PBXNativeTarget "NetOperation" */;
			buildPhases = (
				182DDAE71C97B5FF003835C7 /* Sources */,
				182DDAE81C97B5FF003835C7 /* Frameworks */,
				182DDAE91C97B5FF003835C7 /* Resources */,
			);
			buildRules = (
			);
			dependencies = (
			);
			name = NetOperation;
			productName = NetOperation;
			productReference = 182DDAEB1C97B5FF003835C7 /* NetOperation.app */;
			productType = "com.apple.product-type.application";
		};
/* End PBXNativeTarget section */

/* Begin PBXProject section */
		182DDAE31C97B5FF003835C7 /* Project object */ = {
			isa = PBXProject;
			attributes = {
				LastUpgradeCheck = 0710;
				ORGANIZATIONNAME = apple;
				TargetAttributes = {
					182DDAEA1C97B5FF003835C7 = {
						CreatedOnToolsVersion = 7.1.1;
					};
				};
			};
			buildConfigurationList = 182DDAE61C97B5FF003835C7 /* Build configuration list for PBXProject "NetOperation" */;
			compatibilityVersion = "Xcode 3.2";
			developmentRegion = English;
			hasScannedForEncodings = 0;
			knownRegions = (
				en,
				Base,
			);
			mainGroup = 182DDAE21C97B5FF003835C7;
			productRefGroup = 182DDAEC1C97B5FF003835C7 /* Products */;
			projectDirPath = "";
			projectRoot = "";
			targets = (
				182DDAEA1C97B5FF003835C7 /* NetOperation */,
			);
		};
/* End PBXProject section */

/* Begin PBXResourcesBuildPhase section */
		182DDAE91C97B5FF003835C7 /* Resources */ = {
			isa = PBXResourcesBuildPhase;
			buildActionMask = 2147483647;
			files = (
				182DDAFE1C97B600003835C7 /* LaunchScreen.storyboard in Resources */,
				182DDAFB1C97B600003835C7 /* Assets.xcassets in Resources */,
				182DDAF91C97B600003835C7 /* Main.storyboard in Resources */,
				182DDB0E1C980BD7003835C7 /* test.png in Resources */,
			);
			runOnlyForDeploymentPostprocessing = 0;
		};
/* End PBXResourcesBuildPhase section */

/* Begin PBXSourcesBuildPhase section */
		182DDAE71C97B5FF003835C7 /* Sources */ = {
			isa = PBXSourcesBuildPhase;
			buildActionMask = 2147483647;
			files = (
				182DDAF61C97B600003835C7 /* ViewController.m in Sources */,
				182DDAF31C97B600003835C7 /* AppDelegate.m in Sources */,
				182DDB0D1C980BD7003835C7 /* NSMutableURLRequest+Multipart.m in Sources */,
				182DDAF01C97B600003835C7 /* main.m in Sources */,
			);
			runOnlyForDeploymentPostprocessing = 0;
		};
/* End PBXSourcesBuildPhase section */

/* Begin PBXVariantGroup section */
		182DDAF71C97B600003835C7 /* Main.storyboard */ = {
			isa = PBXVariantGroup;
			children = (
				182DDAF81C97B600003835C7 /* Base */,
			);
			name = Main.storyboard;
			sourceTree = "<group>";
		};
		182DDAFC1C97B600003835C7 /* LaunchScreen.storyboard */ = {
			isa = PBXVariantGroup;
			children = (
				182DDAFD1C97B600003835C7 /* Base */,
			);
			name = LaunchScreen.storyboard;
			sourceTree = "<group>";
		};
/* End PBXVariantGroup section */

/* Begin XCBuildConfiguration section */
		182DDB001C97B600003835C7 /* Debug */ = {
			isa = XCBuildConfiguration;
			buildSettings = {
				ALWAYS_SEARCH_USER_PATHS = NO;
				CLANG_CXX_LANGUAGE_STANDARD = "gnu++0x";
				CLANG_CXX_LIBRARY = "libc++";
				CLANG_ENABLE_MODULES = YES;
				CLANG_ENABLE_OBJC_ARC = YES;
				CLANG_WARN_BOOL_CONVERSION = YES;
				CLANG_WARN_CONSTANT_CONVERSION = YES;
				CLANG_WARN_DIRECT_OBJC_ISA_USAGE = YES_ERROR;
				CLANG_WARN_EMPTY_BODY = YES;
				CLANG_WARN_ENUM_CONVERSION = YES;
				CLANG_WARN_INT_CONVERSION = YES;
				CLANG_WARN_OBJC_ROOT_CLASS = YES_ERROR;
				CLANG_WARN_UNREACHABLE_CODE = YES;
				CLANG_WARN__DUPLICATE_METHOD_MATCH = YES;
				"CODE_SIGN_IDENTITY[sdk=iphoneos*]" = "iPhone Developer";
				COPY_PHASE_STRIP = NO;
				DEBUG_INFORMATION_FORMAT = dwarf;
				ENABLE_STRICT_OBJC_MSGSEND = YES;
				ENABLE_TESTABILITY = YES;
				GCC_C_LANGUAGE_STANDARD = gnu99;
				GCC_DYNAMIC_NO_PIC = NO;
				GCC_NO_COMMON_BLOCKS = YES;
				GCC_OPTIMIZATION_LEVEL = 0;
				GCC_PREPROCESSOR_DEFINITIONS = (
					"DEBUG=1",
					"$(inherited)",
				);
				GCC_WARN_64_TO_32_BIT_CONVERSION = YES;
				GCC_WARN_ABOUT_RETURN_TYPE = YES_ERROR;
				GCC_WARN_UNDECLARED_SELECTOR = YES;
				GCC_WARN_UNINITIALIZED_AUTOS = YES_AGGRESSIVE;
				GCC_WARN_UNUSED_FUNCTION = YES;
				GCC_WARN_UNUSED_VARIABLE = YES;
				IPHONEOS_DEPLOYMENT_TARGET = 9.1;
				MTL_ENABLE_DEBUG_INFO = YES;
				ONLY_ACTIVE_ARCH = YES;
				SDKROOT = iphoneos;
			};
			name = Debug;
		};
		182DDB011C97B600003835C7 /* Release */ = {
			isa = XCBuildConfiguration;
			buildSettings = {
				ALWAYS_SEARCH_USER_PATHS = NO;
				CLANG_CXX_LANGUAGE_STANDARD = "gnu++0x";
				CLANG_CXX_LIBRARY = "libc++";
				CLANG_ENABLE_MODULES = YES;
				CLANG_ENABLE_OBJC_ARC = YES;
				CLANG_WARN_BOOL_CONVERSION = YES;
				CLANG_WARN_CONSTANT_CONVERSION = YES;
				CLANG_WARN_DIRECT_OBJC_ISA_USAGE = YES_ERROR;
				CLANG_WARN_EMPTY_BODY = YES;
				CLANG_WARN_ENUM_CONVERSION = YES;
				CLANG_WARN_INT_CONVERSION = YES;
				CLANG_WARN_OBJC_ROOT_CLASS = YES_ERROR;
				CLANG_WARN_UNREACHABLE_CODE = YES;
				CLANG_WARN__DUPLICATE_METHOD_MATCH = YES;
				"CODE_SIGN_IDENTITY[sdk=iphoneos*]" = "iPhone Developer";
				COPY_PHASE_STRIP = NO;
				DEBUG_INFORMATION_FORMAT = "dwarf-with-dsym";
				ENABLE_NS_ASSERTIONS = NO;
				ENABLE_STRICT_OBJC_MSGSEND = YES;
				GCC_C_LANGUAGE_STANDARD = gnu99;
				GCC_NO_COMMON_BLOCKS = YES;
				GCC_WARN_64_TO_32_BIT_CONVERSION = YES;
				GCC_WARN_ABOUT_RETURN_TYPE = YES_ERROR;
				GCC_WARN_UNDECLARED_SELECTOR = YES;
				GCC_WARN_UNINITIALIZED_AUTOS = YES_AGGRESSIVE;
				GCC_WARN_UNUSED_FUNCTION = YES;
				GCC_WARN_UNUSED_VARIABLE = YES;
				IPHONEOS_DEPLOYMENT_TARGET = 9.1;
				MTL_ENABLE_DEBUG_INFO = NO;
				SDKROOT = iphoneos;
				VALIDATE_PRODUCT = YES;
			};
			name = Release;
		};
		182DDB031C97B600003835C7 /* Debug */ = {
			isa = XCBuildConfiguration;
			buildSettings = {
				ASSETCATALOG_COMPILER_APPICON_NAME = AppIcon;
				INFOPLIST_FILE = NetOperation/Info.plist;
				LD_RUNPATH_SEARCH_PATHS = "$(inherited) @executable_path/Frameworks";
				PRODUCT_BUNDLE_IDENTIFIER = xufeng.NetOperation;
				PRODUCT_NAME = "$(TARGET_NAME)";
			};
			name = Debug;
		};
		182DDB041C97B600003835C7 /* Release */ = {
			isa = XCBuildConfiguration;
			buildSettings = {
				ASSETCATALOG_COMPILER_APPICON_NAME = AppIcon;
				INFOPLIST_FILE = NetOperation/Info.plist;
				LD_RUNPATH_SEARCH_PATHS = "$(inherited) @executable_path/Frameworks";
				PRODUCT_BUNDLE_IDENTIFIER = xufeng.NetOperation;
				PRODUCT_NAME = "$(TARGET_NAME)";
			};
			name = Release;
		};
/* End XCBuildConfiguration section */

/* Begin XCConfigurationList section */
		182DDAE61C97B5FF003835C7 /* Build configuration list for PBXProject "NetOperation" */ = {
			isa = XCConfigurationList;
			buildConfigurations = (
				182DDB001C97B600003835C7 /* Debug */,
				182DDB011C97B600003835C7 /* Release */,
			);
			defaultConfigurationIsVisible = 0;
			defaultConfigurationName = Release;
		};
		182DDB021C97B600003835C7 /* Build configuration list for PBXNativeTarget "NetOperation" */ = {
			isa = XCConfigurationList;
			buildConfigurations = (
				182DDB031C97B600003835C7 /* Debug */,
				182DDB041C97B600003835C7 /* Release */,
			);
			defaultConfigurationIsVisible = 0;
			defaultConfigurationName = Release;
		};
/* End XCConfigurationList section */
	};
	rootObject = 182DDAE31C97B5FF003835C7 /* Project object */;
}
